{
  "originHash" : "a61f86bcb4cd27d59dca2b925cacd3f471c826dbab8707229f3e9b876ba9042b",
  "pins" : [
    {
      "identity" : "dragon-kit",
      "kind" : "remoteSourceControl",
      "location" : "https://github.com/teddychan/dragon-kit.git",
      "state" : {
        "revision" : "7f581765f067ed4c2018bfc0f572ab95049e343d",
        "version" : "4.1.0"
      }
    },
    {
      "identity" : "sparkle",
      "kind" : "remoteSourceControl",
      "location" : "https://github.com/sparkle-project/Sparkle",
      "state" : {
        "revision" : "79bc9e872948e47877e76f194cb0c8e0412b0b90",
        "version" : "2.9.5"
      }
    }
  ],
  "version" : 3
}
