{
  "originHash" : "7a634936deb9e952d11c417f922cd99066462ab79d7cf1a942c953c6bfc95e59",
  "pins" : [
    {
      "identity" : "dragon-kit",
      "kind" : "remoteSourceControl",
      "location" : "https://github.com/teddychan/dragon-kit.git",
      "state" : {
        "revision" : "0acb7947e2cccf8964fa1b954d03b7ab1ad95cec",
        "version" : "4.0.0"
      }
    },
    {
      "identity" : "sparkle",
      "kind" : "remoteSourceControl",
      "location" : "https://github.com/sparkle-project/Sparkle",
      "state" : {
        "revision" : "79bc9e872948e47877e76f194cb0c8e0412b0b90",
        "version" : "2.9.5"
      }
    }
  ],
  "version" : 3
}
