{
  "originHash" : "2ef69dc5ae8ee835666fff97d49ee858980171f4982db3364d0fe01a65bb3b48",
  "pins" : [
    {
      "identity" : "dragon-kit",
      "kind" : "remoteSourceControl",
      "location" : "https://github.com/teddychan/dragon-kit.git",
      "state" : {
        "revision" : "8236fdc85ad83118474832670c9c9b32ec2b4b48",
        "version" : "3.4.0"
      }
    },
    {
      "identity" : "sparkle",
      "kind" : "remoteSourceControl",
      "location" : "https://github.com/sparkle-project/Sparkle",
      "state" : {
        "revision" : "79bc9e872948e47877e76f194cb0c8e0412b0b90",
        "version" : "2.9.5"
      }
    }
  ],
  "version" : 3
}
